<?xml version="1.0" encoding="utf-8"?>
<Project ToolsVersion="4.0" xmlns="http://schemas.microsoft.com/developer/msbuild/2003">
  <ItemGroup>
    <Filter Include="소스 파일">
      <UniqueIdentifier>{4FC737F1-C7A5-4376-A066-2A32D752A2FF}</UniqueIdentifier>
      <Extensions>cpp;c;cc;cxx;c++;cppm;ixx;def;odl;idl;hpj;bat;asm;asmx</Extensions>
    </Filter>
    <Filter Include="헤더 파일">
      <UniqueIdentifier>{93995380-89BD-4b04-88EB-625FBE52EBFB}</UniqueIdentifier>
      <Extensions>h;hh;hpp;hxx;h++;hm;inl;inc;ipp;xsd</Extensions>
    </Filter>
    <Filter Include="리소스 파일">
      <UniqueIdentifier>{67DA6AB6-F800-4c08-8B7A-83BB121AAD01}</UniqueIdentifier>
      <Extensions>rc;ico;cur;bmp;dlg;rc2;rct;bin;rgs;gif;jpg;jpeg;jpe;resx;tiff;tif;png;wav;mfcribbon-ms</Extensions>
    </Filter>
    <Filter Include="Resource">
      <UniqueIdentifier>{cb36ecdd-caa4-4977-b874-880907236b9c}</UniqueIdentifier>
    </Filter>
    <Filter Include="Resource\Texture">
      <UniqueIdentifier>{5c0eed3c-8655-444d-89d2-6bae05fa7104}</UniqueIdentifier>
    </Filter>
    <Filter Include="Helpers">
      <UniqueIdentifier>{571faa9c-7dfb-49d7-b6c5-e33f56c953c4}</UniqueIdentifier>
    </Filter>
    <Filter Include="Layer">
      <UniqueIdentifier>{8cbe2e41-c7c1-4f2c-b1a3-accc5ca817b8}</UniqueIdentifier>
    </Filter>
    <Filter Include="Renderer">
      <UniqueIdentifier>{72de44e4-c4ba-4485-9a02-71e1e6f2bf43}</UniqueIdentifier>
    </Filter>
    <Filter Include="Scene">
      <UniqueIdentifier>{9cf68546-2c4f-4145-abfe-ecb9d3801827}</UniqueIdentifier>
    </Filter>
    <Filter Include="Component">
      <UniqueIdentifier>{6c9fad16-4130-49d4-84dd-692524da2403}</UniqueIdentifier>
    </Filter>
    <Filter Include="Component\Script">
      <UniqueIdentifier>{ace411cb-b8fe-40e8-b41d-b899312ad7a8}</UniqueIdentifier>
    </Filter>
    <Filter Include="Component\SpriteRenderer">
      <UniqueIdentifier>{59ec80a3-1ffa-4950-b8c2-064bcd535cf7}</UniqueIdentifier>
    </Filter>
    <Filter Include="Component\Transform">
      <UniqueIdentifier>{0771c6c1-a072-4c58-9803-3ae6915c8b2e}</UniqueIdentifier>
    </Filter>
    <Filter Include="Component\Camera">
      <UniqueIdentifier>{e36f0fc6-eb40-41df-b3a6-da928790e842}</UniqueIdentifier>
    </Filter>
    <Filter Include="Component\Animator">
      <UniqueIdentifier>{b6c45387-5268-44ff-9659-43f3d6dc182e}</UniqueIdentifier>
    </Filter>
    <Filter Include="Component\Collider">
      <UniqueIdentifier>{ac641a08-d8b6-40aa-8a3d-8626b6933096}</UniqueIdentifier>
    </Filter>
    <Filter Include="Component\TileMapRenderer">
      <UniqueIdentifier>{2b674b5e-b7d9-4e48-a517-58020405e714}</UniqueIdentifier>
    </Filter>
    <Filter Include="Component\RigidBody">
      <UniqueIdentifier>{4dd2d10f-f11c-4b3c-bd20-af8c738cbbd2}</UniqueIdentifier>
    </Filter>
    <Filter Include="Helpers\UI">
      <UniqueIdentifier>{63484063-126f-436e-9901-556434cdf219}</UniqueIdentifier>
    </Filter>
    <Filter Include="Helpers\Collision">
      <UniqueIdentifier>{cfb761aa-97f1-4ed9-adb0-e141ac5b4ea1}</UniqueIdentifier>
    </Filter>
    <Filter Include="Helpers\Input">
      <UniqueIdentifier>{e115d829-dcfe-4fb9-9da5-ede69cadf465}</UniqueIdentifier>
    </Filter>
    <Filter Include="Helpers\Resource">
      <UniqueIdentifier>{0b0221fb-23fe-4279-8458-18ab4ee42809}</UniqueIdentifier>
    </Filter>
    <Filter Include="Helpers\Scene">
      <UniqueIdentifier>{ee84eb7a-d402-4f72-b1ef-652e142f47ee}</UniqueIdentifier>
    </Filter>
    <Filter Include="UI">
      <UniqueIdentifier>{fb7542eb-0680-4176-a521-921642267860}</UniqueIdentifier>
    </Filter>
    <Filter Include="UI\Button">
      <UniqueIdentifier>{fe6917ab-8f63-47d1-bf35-fc840b720c52}</UniqueIdentifier>
    </Filter>
    <Filter Include="UI\HUD">
      <UniqueIdentifier>{9093d5e7-873d-4b54-a929-78e6b6250b1c}</UniqueIdentifier>
    </Filter>
    <Filter Include="Audio">
      <UniqueIdentifier>{67742ad8-4619-495e-9f66-1d0192bcc142}</UniqueIdentifier>
    </Filter>
    <Filter Include="Component\Audio">
      <UniqueIdentifier>{bae6d136-fb78-4aa1-8a93-ba87247225f7}</UniqueIdentifier>
    </Filter>
    <Filter Include="Resource\Audio">
      <UniqueIdentifier>{1ca3ed7f-d22b-4412-9e55-27bcf0764ca2}</UniqueIdentifier>
    </Filter>
    <Filter Include="Resource\Animation">
      <UniqueIdentifier>{5cda2420-151b-4704-825a-3682e1a206c8}</UniqueIdentifier>
    </Filter>
    <Filter Include="UI\Panel">
      <UniqueIdentifier>{71f4ea80-c373-4a97-b7af-d780210277bc}</UniqueIdentifier>
    </Filter>
    <Filter Include="UI\Text">
      <UniqueIdentifier>{bda69781-bb5e-4cd7-bc89-071a734736ac}</UniqueIdentifier>
    </Filter>
    <Filter Include="UI\Image">
      <UniqueIdentifier>{030c6bb0-6c68-4354-9aa1-7f7aaadf430e}</UniqueIdentifier>
    </Filter>
  </ItemGroup>
  <ItemGroup>
    <ClInclude Include="framework.h">
      <Filter>헤더 파일</Filter>
    </ClInclude>
    <ClInclude Include="targetver.h">
      <Filter>헤더 파일</Filter>
    </ClInclude>
    <ClInclude Include="CAPIEngine.h">
      <Filter>헤더 파일</Filter>
    </ClInclude>
    <ClInclude Include="Resource.h">
      <Filter>헤더 파일</Filter>
    </ClInclude>
    <ClInclude Include="winMacro.h">
      <Filter>헤더 파일</Filter>
    </ClInclude>
    <ClInclude Include="GameObject.h">
      <Filter>헤더 파일</Filter>
    </ClInclude>
    <ClInclude Include="SVector2D.h">
      <Filter>헤더 파일</Filter>
    </ClInclude>
    <ClInclude Include="CEntity.h">
      <Filter>헤더 파일</Filter>
    </ClInclude>
    <ClInclude Include="CResource.h">
      <Filter>Resource</Filter>
    </ClInclude>
    <ClInclude Include="CTexture.h">
      <Filter>Resource\Texture</Filter>
    </ClInclude>
    <ClInclude Include="CAnimation.h">
      <Filter>Resource\Animation</Filter>
    </ClInclude>
    <ClInclude Include="CCamera.h">
      <Filter>Component\Camera</Filter>
    </ClInclude>
    <ClInclude Include="CLayer.h">
      <Filter>Layer</Filter>
    </ClInclude>
    <ClInclude Include="CRenderer.h">
      <Filter>Renderer</Filter>
    </ClInclude>
    <ClInclude Include="CScript.h">
      <Filter>Component\Script</Filter>
    </ClInclude>
    <ClInclude Include="CTransform.h">
      <Filter>Component\Transform</Filter>
    </ClInclude>
    <ClInclude Include="CSpriteRenderer.h">
      <Filter>Component\SpriteRenderer</Filter>
    </ClInclude>
    <ClInclude Include="CComponent.h">
      <Filter>Component</Filter>
    </ClInclude>
    <ClInclude Include="Object.h">
      <Filter>헤더 파일</Filter>
    </ClInclude>
    <ClInclude Include="CScene.h">
      <Filter>Scene</Filter>
    </ClInclude>
    <ClInclude Include="CAnimator.h">
      <Filter>Component\Animator</Filter>
    </ClInclude>
    <ClInclude Include="CCollider.h">
      <Filter>Component\Collider</Filter>
    </ClInclude>
    <ClInclude Include="CBoxCollider2D.h">
      <Filter>Component\Collider</Filter>
    </ClInclude>
    <ClInclude Include="CCircleCollider2D.h">
      <Filter>Component\Collider</Filter>
    </ClInclude>
    <ClInclude Include="CDontDestroyOnLoad.h">
      <Filter>Scene</Filter>
    </ClInclude>
    <ClInclude Include="CTilemapRenderer.h">
      <Filter>Component\TileMapRenderer</Filter>
    </ClInclude>
    <ClInclude Include="CRigidbody.h">
      <Filter>Component\RigidBody</Filter>
    </ClInclude>
    <ClInclude Include="CUIMgr.h">
      <Filter>Helpers\UI</Filter>
    </ClInclude>
    <ClInclude Include="CInputMgr.h">
      <Filter>Helpers\Input</Filter>
    </ClInclude>
    <ClInclude Include="CCollisionMgr.h">
      <Filter>Helpers\Collision</Filter>
    </ClInclude>
    <ClInclude Include="CResourceMgr.h">
      <Filter>Helpers\Resource</Filter>
    </ClInclude>
    <ClInclude Include="CSceneMgr.h">
      <Filter>Helpers\Scene</Filter>
    </ClInclude>
    <ClInclude Include="CUIBase.h">
      <Filter>UI</Filter>
    </ClInclude>
    <ClInclude Include="CUIButton.h">
      <Filter>UI\Button</Filter>
    </ClInclude>
    <ClInclude Include="CUIHUD.h">
      <Filter>UI\HUD</Filter>
    </ClInclude>
    <ClInclude Include="CAudioListner.h">
      <Filter>Component\Audio</Filter>
    </ClInclude>
    <ClInclude Include="CAudioSource.h">
      <Filter>Component\Audio</Filter>
    </ClInclude>
    <ClInclude Include="CAudioClip.h">
      <Filter>Resource\Audio</Filter>
    </ClInclude>
    <ClInclude Include="CUIText.h">
      <Filter>UI\Text</Filter>
    </ClInclude>
    <ClInclude Include="CUIPanel.h">
      <Filter>UI\Panel</Filter>
    </ClInclude>
    <ClInclude Include="CUIImg.h">
      <Filter>UI\Image</Filter>
    </ClInclude>
  </ItemGroup>
  <ItemGroup>
    <ClCompile Include="CAPIEngine.cpp">
      <Filter>소스 파일</Filter>
    </ClCompile>
    <ClCompile Include="GameObject.cpp">
      <Filter>소스 파일</Filter>
    </ClCompile>
    <ClCompile Include="CEntity.cpp">
      <Filter>소스 파일</Filter>
    </ClCompile>
    <ClCompile Include="CResource.cpp">
      <Filter>Resource</Filter>
    </ClCompile>
    <ClCompile Include="CTexture.cpp">
      <Filter>Resource\Texture</Filter>
    </ClCompile>
    <ClCompile Include="CAnimation.cpp">
      <Filter>Resource\Animation</Filter>
    </ClCompile>
    <ClCompile Include="CCamera.cpp">
      <Filter>Component\Camera</Filter>
    </ClCompile>
    <ClCompile Include="CRenderer.cpp">
      <Filter>Renderer</Filter>
    </ClCompile>
    <ClCompile Include="CLayer.cpp">
      <Filter>Layer</Filter>
    </ClCompile>
    <ClCompile Include="CScript.cpp">
      <Filter>Component\Script</Filter>
    </ClCompile>
    <ClCompile Include="CSpriteRenderer.cpp">
      <Filter>Component\SpriteRenderer</Filter>
    </ClCompile>
    <ClCompile Include="CTransform.cpp">
      <Filter>Component\Transform</Filter>
    </ClCompile>
    <ClCompile Include="CComponent.cpp">
      <Filter>Component</Filter>
    </ClCompile>
    <ClCompile Include="CScene.cpp">
      <Filter>Scene</Filter>
    </ClCompile>
    <ClCompile Include="CAnimator.cpp">
      <Filter>Component\Animator</Filter>
    </ClCompile>
    <ClCompile Include="CCollider.cpp">
      <Filter>Component\Collider</Filter>
    </ClCompile>
    <ClCompile Include="CBoxCollider2D.cpp">
      <Filter>Component\Collider</Filter>
    </ClCompile>
    <ClCompile Include="CCircleCollider2D.cpp">
      <Filter>Component\Collider</Filter>
    </ClCompile>
    <ClCompile Include="CDontDestroyOnLoad.cpp">
      <Filter>Scene</Filter>
    </ClCompile>
    <ClCompile Include="CTilemapRenderer.cpp">
      <Filter>Component\TileMapRenderer</Filter>
    </ClCompile>
    <ClCompile Include="CRigidbody.cpp">
      <Filter>Component\RigidBody</Filter>
    </ClCompile>
    <ClCompile Include="CUIMgr.cpp">
      <Filter>Helpers\UI</Filter>
    </ClCompile>
    <ClCompile Include="CInputMgr.cpp">
      <Filter>Helpers\Input</Filter>
    </ClCompile>
    <ClCompile Include="CCollisionMgr.cpp">
      <Filter>Helpers\Collision</Filter>
    </ClCompile>
    <ClCompile Include="CResourceMgr.cpp">
      <Filter>Helpers\Resource</Filter>
    </ClCompile>
    <ClCompile Include="CSceneMgr.cpp">
      <Filter>Helpers\Scene</Filter>
    </ClCompile>
    <ClCompile Include="CUIBase.cpp">
      <Filter>UI</Filter>
    </ClCompile>
    <ClCompile Include="CUIButton.cpp">
      <Filter>UI\Button</Filter>
    </ClCompile>
    <ClCompile Include="CUIHUD.cpp">
      <Filter>UI\HUD</Filter>
    </ClCompile>
    <ClCompile Include="CAudioListner.cpp">
      <Filter>Component\Audio</Filter>
    </ClCompile>
    <ClCompile Include="CAudioSource.cpp">
      <Filter>Component\Audio</Filter>
    </ClCompile>
    <ClCompile Include="CAudioClip.cpp">
      <Filter>Resource\Audio</Filter>
    </ClCompile>
    <ClCompile Include="CUIText.cpp">
      <Filter>UI\Text</Filter>
    </ClCompile>
    <ClCompile Include="CUIPanel.cpp">
      <Filter>UI\Panel</Filter>
    </ClCompile>
    <ClCompile Include="CUIImg.cpp">
      <Filter>UI\Image</Filter>
    </ClCompile>
  </ItemGroup>
  <ItemGroup>
    <Image Include="small.ico">
      <Filter>리소스 파일</Filter>
    </Image>
    <Image Include="winAPIEngine.ico">
      <Filter>리소스 파일</Filter>
    </Image>
  </ItemGroup>
  <ItemGroup>
    <ResourceCompile Include="winAPIEngine.rc">
      <Filter>리소스 파일</Filter>
    </ResourceCompile>
  </ItemGroup>
</Project>