<?xml version="1.0" encoding="utf-8"?>
<Project ToolsVersion="4.0" xmlns="http://schemas.microsoft.com/developer/msbuild/2003">
  <ItemGroup>
    <Filter Include="소스 파일">
      <UniqueIdentifier>{4FC737F1-C7A5-4376-A066-2A32D752A2FF}</UniqueIdentifier>
      <Extensions>cpp;c;cc;cxx;c++;cppm;ixx;def;odl;idl;hpj;bat;asm;asmx</Extensions>
    </Filter>
    <Filter Include="헤더 파일">
      <UniqueIdentifier>{93995380-89BD-4b04-88EB-625FBE52EBFB}</UniqueIdentifier>
      <Extensions>h;hh;hpp;hxx;h++;hm;inl;inc;ipp;xsd</Extensions>
    </Filter>
    <Filter Include="리소스 파일">
      <UniqueIdentifier>{67DA6AB6-F800-4c08-8B7A-83BB121AAD01}</UniqueIdentifier>
      <Extensions>rc;ico;cur;bmp;dlg;rc2;rct;bin;rgs;gif;jpg;jpeg;jpe;resx;tiff;tif;png;wav;mfcribbon-ms</Extensions>
    </Filter>
    <Filter Include="Scenes">
      <UniqueIdentifier>{072388ff-d4ff-448b-8ab0-4b6ef76b6c54}</UniqueIdentifier>
    </Filter>
    <Filter Include="Resources">
      <UniqueIdentifier>{30623cd1-44c2-4835-b85f-db48cfc2da39}</UniqueIdentifier>
    </Filter>
    <Filter Include="Objects">
      <UniqueIdentifier>{329e3485-f847-4156-b662-4c863bb7b867}</UniqueIdentifier>
    </Filter>
    <Filter Include="Scripts">
      <UniqueIdentifier>{305146c9-a3a3-48da-a522-15ccca85ada8}</UniqueIdentifier>
    </Filter>
    <Filter Include="FMOD">
      <UniqueIdentifier>{6102e94d-7ba5-4c97-93fd-096bf96b9c9e}</UniqueIdentifier>
    </Filter>
    <Filter Include="UI">
      <UniqueIdentifier>{f17eef79-46ef-4906-a03b-3828c493d232}</UniqueIdentifier>
    </Filter>
    <Filter Include="UI\Button">
      <UniqueIdentifier>{f238738d-5330-4d66-a861-b806de585912}</UniqueIdentifier>
    </Filter>
    <Filter Include="UI\HUD">
      <UniqueIdentifier>{685132f6-9153-4c38-83f0-31ed5c738e01}</UniqueIdentifier>
    </Filter>
  </ItemGroup>
  <ItemGroup>
    <ClCompile Include="main.cpp">
      <Filter>소스 파일</Filter>
    </ClCompile>
    <ClCompile Include="GameEngine.cpp">
      <Filter>소스 파일</Filter>
    </ClCompile>
    <ClCompile Include="CTitleScene.cpp">
      <Filter>Scenes</Filter>
    </ClCompile>
    <ClCompile Include="CEndingScene.cpp">
      <Filter>Scenes</Filter>
    </ClCompile>
    <ClCompile Include="CPlayerScript.cpp">
      <Filter>Scripts</Filter>
    </ClCompile>
    <ClCompile Include="CPlayer.cpp">
      <Filter>Objects</Filter>
    </ClCompile>
    <ClCompile Include="CPlayScene.cpp">
      <Filter>Scenes</Filter>
    </ClCompile>
    <ClCompile Include="CCat.cpp">
      <Filter>Objects</Filter>
    </ClCompile>
    <ClCompile Include="CCatScript.cpp">
      <Filter>Scripts</Filter>
    </ClCompile>
    <ClCompile Include="CTitleObjectScript.cpp">
      <Filter>Scripts</Filter>
    </ClCompile>
    <ClCompile Include="CToolScene.cpp">
      <Filter>Scenes</Filter>
    </ClCompile>
    <ClCompile Include="CTile.cpp">
      <Filter>Objects</Filter>
    </ClCompile>
    <ClCompile Include="CCameraScript.cpp">
      <Filter>Scripts</Filter>
    </ClCompile>
    <ClCompile Include="CFloor.cpp">
      <Filter>Objects</Filter>
    </ClCompile>
    <ClCompile Include="CFloorScript.cpp">
      <Filter>Scripts</Filter>
    </ClCompile>
    <ClCompile Include="CFMOD.cpp">
      <Filter>FMOD</Filter>
    </ClCompile>
    <ClCompile Include="CSettingScene.cpp">
      <Filter>Scenes</Filter>
    </ClCompile>
    <ClCompile Include="CUIStartButton.cpp">
      <Filter>UI\Button</Filter>
    </ClCompile>
    <ClCompile Include="CUIHPBar.cpp">
      <Filter>UI\HUD</Filter>
    </ClCompile>
    <ClCompile Include="CUIEXPBar.cpp">
      <Filter>UI\HUD</Filter>
    </ClCompile>
  </ItemGroup>
  <ItemGroup>
    <ClInclude Include="GameEngine.h">
      <Filter>헤더 파일</Filter>
    </ClInclude>
    <ClInclude Include="CPlayScene.h">
      <Filter>Scenes</Filter>
    </ClInclude>
    <ClInclude Include="CTitleScene.h">
      <Filter>Scenes</Filter>
    </ClInclude>
    <ClInclude Include="CEndingScene.h">
      <Filter>Scenes</Filter>
    </ClInclude>
    <ClInclude Include="Enums.h">
      <Filter>헤더 파일</Filter>
    </ClInclude>
    <ClInclude Include="CPlayerScript.h">
      <Filter>Scripts</Filter>
    </ClInclude>
    <ClInclude Include="CPlayer.h">
      <Filter>Objects</Filter>
    </ClInclude>
    <ClInclude Include="CCat.h">
      <Filter>Objects</Filter>
    </ClInclude>
    <ClInclude Include="CCatScript.h">
      <Filter>Scripts</Filter>
    </ClInclude>
    <ClInclude Include="CTitleObjectScript.h">
      <Filter>Scripts</Filter>
    </ClInclude>
    <ClInclude Include="CToolScene.h">
      <Filter>Scenes</Filter>
    </ClInclude>
    <ClInclude Include="CTile.h">
      <Filter>Objects</Filter>
    </ClInclude>
    <ClInclude Include="CCameraScript.h">
      <Filter>Scripts</Filter>
    </ClInclude>
    <ClInclude Include="CFloor.h">
      <Filter>Objects</Filter>
    </ClInclude>
    <ClInclude Include="CFloorScript.h">
      <Filter>Scripts</Filter>
    </ClInclude>
    <ClInclude Include="CFMOD.h">
      <Filter>FMOD</Filter>
    </ClInclude>
    <ClInclude Include="CSettingScene.h">
      <Filter>Scenes</Filter>
    </ClInclude>
    <ClInclude Include="CUIStartButton.h">
      <Filter>UI\Button</Filter>
    </ClInclude>
    <ClInclude Include="CUIHPBar.h">
      <Filter>UI\HUD</Filter>
    </ClInclude>
    <ClInclude Include="CUIEXPBar.h">
      <Filter>UI\HUD</Filter>
    </ClInclude>
  </ItemGroup>
</Project>