<?xml version="1.0" encoding="utf-8"?>
<Project ToolsVersion="4.0" xmlns="http://schemas.microsoft.com/developer/msbuild/2003">
  <ItemGroup>
    <Filter Include="소스 파일">
      <UniqueIdentifier>{4FC737F1-C7A5-4376-A066-2A32D752A2FF}</UniqueIdentifier>
      <Extensions>cpp;c;cc;cxx;c++;cppm;ixx;def;odl;idl;hpj;bat;asm;asmx</Extensions>
    </Filter>
    <Filter Include="헤더 파일">
      <UniqueIdentifier>{93995380-89BD-4b04-88EB-625FBE52EBFB}</UniqueIdentifier>
      <Extensions>h;hh;hpp;hxx;h++;hm;inl;inc;ipp;xsd</Extensions>
    </Filter>
    <Filter Include="리소스 파일">
      <UniqueIdentifier>{67DA6AB6-F800-4c08-8B7A-83BB121AAD01}</UniqueIdentifier>
      <Extensions>rc;ico;cur;bmp;dlg;rc2;rct;bin;rgs;gif;jpg;jpeg;jpe;resx;tiff;tif;png;wav;mfcribbon-ms</Extensions>
    </Filter>
    <Filter Include="Scenes">
      <UniqueIdentifier>{072388ff-d4ff-448b-8ab0-4b6ef76b6c54}</UniqueIdentifier>
    </Filter>
    <Filter Include="Objects">
      <UniqueIdentifier>{329e3485-f847-4156-b662-4c863bb7b867}</UniqueIdentifier>
    </Filter>
    <Filter Include="Scripts">
      <UniqueIdentifier>{305146c9-a3a3-48da-a522-15ccca85ada8}</UniqueIdentifier>
    </Filter>
    <Filter Include="FMOD">
      <UniqueIdentifier>{6102e94d-7ba5-4c97-93fd-096bf96b9c9e}</UniqueIdentifier>
    </Filter>
    <Filter Include="UI">
      <UniqueIdentifier>{f17eef79-46ef-4906-a03b-3828c493d232}</UniqueIdentifier>
    </Filter>
    <Filter Include="UI\HUD">
      <UniqueIdentifier>{685132f6-9153-4c38-83f0-31ed5c738e01}</UniqueIdentifier>
    </Filter>
    <Filter Include="Objects\Enemy">
      <UniqueIdentifier>{4fd8d6cf-6fb9-4f5b-a75f-fbad92016325}</UniqueIdentifier>
    </Filter>
    <Filter Include="Scripts\Enemy">
      <UniqueIdentifier>{ed6b24f6-3f9f-41a3-a865-b998fa8d929c}</UniqueIdentifier>
    </Filter>
    <Filter Include="Scripts\Camera">
      <UniqueIdentifier>{ceaa94cc-0ca2-4134-8a9a-a4d81bf0ef1c}</UniqueIdentifier>
    </Filter>
    <Filter Include="Scripts\TitleObject">
      <UniqueIdentifier>{7ce7c726-6fcc-44ae-b318-9524abfaf556}</UniqueIdentifier>
    </Filter>
    <Filter Include="Scripts\Player">
      <UniqueIdentifier>{9a4a6d5d-3160-49c3-a382-26aaf9f63b8d}</UniqueIdentifier>
    </Filter>
    <Filter Include="Objects\Player">
      <UniqueIdentifier>{38cc8927-4715-4cca-bbc7-13ddf00c4e6e}</UniqueIdentifier>
    </Filter>
    <Filter Include="Objects\Enemy\BabyAlien">
      <UniqueIdentifier>{9228c27f-1ab7-46e7-931c-dac2782490db}</UniqueIdentifier>
    </Filter>
    <Filter Include="Scripts\Enemy\BabyAlien">
      <UniqueIdentifier>{7b72d28e-168f-4992-a79b-abe585eea0b8}</UniqueIdentifier>
    </Filter>
    <Filter Include="Objects\Weapon">
      <UniqueIdentifier>{072fc340-3dc9-4987-b208-27b5a1a57c4e}</UniqueIdentifier>
    </Filter>
    <Filter Include="Scripts\Weapon">
      <UniqueIdentifier>{613b13ee-3bfd-4d77-a2eb-30a801854da8}</UniqueIdentifier>
    </Filter>
    <Filter Include="Scripts\Weapon\MeleeWeapon">
      <UniqueIdentifier>{5cbc32ab-e5b7-46be-82c7-4116a60827e7}</UniqueIdentifier>
    </Filter>
    <Filter Include="Scripts\Weapon\RangedWeapon">
      <UniqueIdentifier>{ba1ef310-83b4-4e7f-87d1-0b849b953a07}</UniqueIdentifier>
    </Filter>
    <Filter Include="Objects\Weapon\Bullet">
      <UniqueIdentifier>{46f511ab-25e1-40e2-9ba6-8a6e05967a2d}</UniqueIdentifier>
    </Filter>
    <Filter Include="Scripts\Weapon\RangedWeapon\Bullet">
      <UniqueIdentifier>{f3597cb1-b34d-424a-8052-7764cc0cb57e}</UniqueIdentifier>
    </Filter>
    <Filter Include="Helpers">
      <UniqueIdentifier>{50bde5d0-507b-4198-8246-80f17e430ec6}</UniqueIdentifier>
    </Filter>
    <Filter Include="Component">
      <UniqueIdentifier>{ea0b44a7-5348-4db8-8263-25fe47a695a8}</UniqueIdentifier>
    </Filter>
    <Filter Include="Helpers\Data">
      <UniqueIdentifier>{89ee079a-8ceb-4d05-84f7-97f3e3c7b646}</UniqueIdentifier>
    </Filter>
    <Filter Include="Helpers\MonsterSpawn">
      <UniqueIdentifier>{24f692dd-3065-4ad4-957c-7088cdc274f3}</UniqueIdentifier>
    </Filter>
    <Filter Include="UI\CharacterSelectUI">
      <UniqueIdentifier>{7aa40a63-9c8f-4d38-a0e3-db447b96b4dc}</UniqueIdentifier>
    </Filter>
    <Filter Include="Scenes\Ending">
      <UniqueIdentifier>{1c3a86fe-149c-40f7-8d54-5f6fa464de5a}</UniqueIdentifier>
    </Filter>
    <Filter Include="Scenes\Play">
      <UniqueIdentifier>{e7e03db8-7f8b-4069-b804-9568e51dd453}</UniqueIdentifier>
    </Filter>
    <Filter Include="Scenes\Setting">
      <UniqueIdentifier>{21d757a6-048d-4807-aa31-e531baeaab25}</UniqueIdentifier>
    </Filter>
    <Filter Include="Scenes\Title">
      <UniqueIdentifier>{4fa3a9f7-19ae-414c-8b57-f4cde71a04e5}</UniqueIdentifier>
    </Filter>
    <Filter Include="Scenes\Tool">
      <UniqueIdentifier>{77bd5390-909c-4782-8677-ece6d24a3947}</UniqueIdentifier>
    </Filter>
    <Filter Include="Objects\Tile">
      <UniqueIdentifier>{bd20c9e1-7c35-4137-8370-aa3680157c55}</UniqueIdentifier>
    </Filter>
    <Filter Include="UI\WeaponSelectUI">
      <UniqueIdentifier>{67328b62-9262-49bd-93e0-31cd103ae93a}</UniqueIdentifier>
    </Filter>
    <Filter Include="UI\TitleSceneUI">
      <UniqueIdentifier>{c2cae5d2-15f1-479f-a73d-048f02301b8c}</UniqueIdentifier>
    </Filter>
    <Filter Include="Scripts\Weapon\MeleeWeapon\Dagger">
      <UniqueIdentifier>{047103e4-08bb-4be7-992f-bd4d180c4558}</UniqueIdentifier>
    </Filter>
    <Filter Include="Scripts\Weapon\RangedWeapon\Pistol">
      <UniqueIdentifier>{4d6e2d9d-f7ec-417a-8e9d-b05952d7f1b8}</UniqueIdentifier>
    </Filter>
    <Filter Include="Objects\Effect">
      <UniqueIdentifier>{699654f3-f0b1-4f2a-92ae-ffd7afbdf978}</UniqueIdentifier>
    </Filter>
    <Filter Include="Helpers\Effect">
      <UniqueIdentifier>{44bf1ada-3d39-4812-84d9-2b29690b2574}</UniqueIdentifier>
    </Filter>
    <Filter Include="Objects\Effect\CAnimatedEffect">
      <UniqueIdentifier>{443d7bdc-1cf1-4399-a93d-52550c00eb47}</UniqueIdentifier>
    </Filter>
    <Filter Include="Objects\Effect\CAnimatedEffect\CEnemyHit">
      <UniqueIdentifier>{b933aae4-97ea-489d-9683-af47b5523e60}</UniqueIdentifier>
    </Filter>
    <Filter Include="UI\PlaySceneUI">
      <UniqueIdentifier>{aec0f230-ad42-479a-8cdd-37f6b9d90226}</UniqueIdentifier>
    </Filter>
    <Filter Include="UI\ShopUI">
      <UniqueIdentifier>{88a9ebfb-95ba-4f05-8257-1f4d3e03f28f}</UniqueIdentifier>
    </Filter>
    <Filter Include="Component\Weapon">
      <UniqueIdentifier>{f7e96531-c156-4345-a122-78e592482462}</UniqueIdentifier>
    </Filter>
    <Filter Include="Component\Item">
      <UniqueIdentifier>{54bc852e-92df-43b3-897d-0f22bd87b034}</UniqueIdentifier>
    </Filter>
    <Filter Include="UI\EndingUI">
      <UniqueIdentifier>{300de68a-c4fb-4826-a8d4-7ca732357812}</UniqueIdentifier>
    </Filter>
    <Filter Include="Objects\Effect\CEffectText">
      <UniqueIdentifier>{6c17a2d7-cb23-4f3e-b999-29dfb852a2f7}</UniqueIdentifier>
    </Filter>
    <Filter Include="Scripts\Weapon\MeleeWeapon\Spear">
      <UniqueIdentifier>{ec602409-04ce-434c-bf3e-2ea5adf7c862}</UniqueIdentifier>
    </Filter>
    <Filter Include="Scripts\Weapon\MeleeWeapon\Fist">
      <UniqueIdentifier>{11a37158-2f45-4605-9f03-86ddc6ece999}</UniqueIdentifier>
    </Filter>
    <Filter Include="Scripts\Weapon\MeleeWeapon\Claw">
      <UniqueIdentifier>{9518f656-322b-4f61-92c4-16528da66e2c}</UniqueIdentifier>
    </Filter>
    <Filter Include="Scripts\Weapon\MeleeWeapon\Scissors">
      <UniqueIdentifier>{fd6a6576-d844-4aed-b1f8-7583a40078f0}</UniqueIdentifier>
    </Filter>
    <Filter Include="Scripts\Weapon\RangedWeapon\MedicalGun">
      <UniqueIdentifier>{309a1d3a-4433-47eb-a698-6a7048aff1db}</UniqueIdentifier>
    </Filter>
    <Filter Include="Scripts\Weapon\RangedWeapon\SMG">
      <UniqueIdentifier>{2c6dc82c-2483-49d4-b2b7-9f7f537b3ecd}</UniqueIdentifier>
    </Filter>
    <Filter Include="Scenes\Shop">
      <UniqueIdentifier>{c32e6669-aeb3-448a-873d-2143452385ea}</UniqueIdentifier>
    </Filter>
    <Filter Include="Objects\Material">
      <UniqueIdentifier>{bd90fad8-792e-4546-bd34-36aaa9d6e293}</UniqueIdentifier>
    </Filter>
    <Filter Include="Scripts\Material">
      <UniqueIdentifier>{d91a923c-4c9a-4ed0-942e-10e11fb8ff3a}</UniqueIdentifier>
    </Filter>
    <Filter Include="UI\LevelUp">
      <UniqueIdentifier>{99a2815f-bd67-4894-9f12-e52e5e060225}</UniqueIdentifier>
    </Filter>
  </ItemGroup>
  <ItemGroup>
    <ClCompile Include="main.cpp">
      <Filter>소스 파일</Filter>
    </ClCompile>
    <ClCompile Include="GameEngine.cpp">
      <Filter>소스 파일</Filter>
    </ClCompile>
    <ClCompile Include="CCat.cpp">
      <Filter>Objects</Filter>
    </ClCompile>
    <ClCompile Include="CCatScript.cpp">
      <Filter>Scripts</Filter>
    </ClCompile>
    <ClCompile Include="CFloor.cpp">
      <Filter>Objects</Filter>
    </ClCompile>
    <ClCompile Include="CFloorScript.cpp">
      <Filter>Scripts</Filter>
    </ClCompile>
    <ClCompile Include="CFMOD.cpp">
      <Filter>FMOD</Filter>
    </ClCompile>
    <ClCompile Include="CUIHPBar.cpp">
      <Filter>UI\HUD</Filter>
    </ClCompile>
    <ClCompile Include="CUIEXPBar.cpp">
      <Filter>UI\HUD</Filter>
    </ClCompile>
    <ClCompile Include="CEnemy.cpp">
      <Filter>Objects\Enemy</Filter>
    </ClCompile>
    <ClCompile Include="CEnemyScript.cpp">
      <Filter>Scripts\Enemy</Filter>
    </ClCompile>
    <ClCompile Include="CCameraScript.cpp">
      <Filter>Scripts\Camera</Filter>
    </ClCompile>
    <ClCompile Include="CTitleObjectScript.cpp">
      <Filter>Scripts\TitleObject</Filter>
    </ClCompile>
    <ClCompile Include="CPlayerScript.cpp">
      <Filter>Scripts\Player</Filter>
    </ClCompile>
    <ClCompile Include="CPlayer.cpp">
      <Filter>Objects\Player</Filter>
    </ClCompile>
    <ClCompile Include="CBabyAlien.cpp">
      <Filter>Objects\Enemy\BabyAlien</Filter>
    </ClCompile>
    <ClCompile Include="CBabyAlienScript.cpp">
      <Filter>Scripts\Enemy\BabyAlien</Filter>
    </ClCompile>
    <ClCompile Include="CWeapon.cpp">
      <Filter>Objects\Weapon</Filter>
    </ClCompile>
    <ClCompile Include="CBullet.cpp">
      <Filter>Objects\Weapon\Bullet</Filter>
    </ClCompile>
    <ClCompile Include="CTitleBrotato.cpp">
      <Filter>Scripts\TitleObject</Filter>
    </ClCompile>
    <ClCompile Include="CMeleeWeaponScript.cpp">
      <Filter>Scripts\Weapon\MeleeWeapon</Filter>
    </ClCompile>
    <ClCompile Include="CRangedWeaponScript.cpp">
      <Filter>Scripts\Weapon\RangedWeapon</Filter>
    </ClCompile>
    <ClCompile Include="CWeaponScript.cpp">
      <Filter>Scripts\Weapon</Filter>
    </ClCompile>
    <ClCompile Include="CBulletScript.cpp">
      <Filter>Scripts\Weapon\RangedWeapon\Bullet</Filter>
    </ClCompile>
    <ClCompile Include="CMonsterSpawnMgr.cpp">
      <Filter>Helpers\MonsterSpawn</Filter>
    </ClCompile>
    <ClCompile Include="CDataMgr.cpp">
      <Filter>Helpers\Data</Filter>
    </ClCompile>
    <ClCompile Include="CCharacterSelectUI.cpp">
      <Filter>UI\CharacterSelectUI</Filter>
    </ClCompile>
    <ClCompile Include="CEndingScene.cpp">
      <Filter>Scenes\Ending</Filter>
    </ClCompile>
    <ClCompile Include="CPlayScene.cpp">
      <Filter>Scenes\Play</Filter>
    </ClCompile>
    <ClCompile Include="CSettingScene.cpp">
      <Filter>Scenes\Setting</Filter>
    </ClCompile>
    <ClCompile Include="CTitleScene.cpp">
      <Filter>Scenes\Title</Filter>
    </ClCompile>
    <ClCompile Include="CToolScene.cpp">
      <Filter>Scenes\Tool</Filter>
    </ClCompile>
    <ClCompile Include="CTile.cpp">
      <Filter>Objects\Tile</Filter>
    </ClCompile>
    <ClCompile Include="CWeaponSelectUI.cpp">
      <Filter>UI\WeaponSelectUI</Filter>
    </ClCompile>
    <ClCompile Include="CTitleSceneUI.cpp">
      <Filter>UI\TitleSceneUI</Filter>
    </ClCompile>
    <ClCompile Include="CDaggerScript.cpp">
      <Filter>Scripts\Weapon\MeleeWeapon\Dagger</Filter>
    </ClCompile>
    <ClCompile Include="CPistolScript.cpp">
      <Filter>Scripts\Weapon\RangedWeapon\Pistol</Filter>
    </ClCompile>
    <ClCompile Include="CEffect.cpp">
      <Filter>Objects\Effect</Filter>
    </ClCompile>
    <ClCompile Include="CEffectMgr.cpp">
      <Filter>Helpers\Effect</Filter>
    </ClCompile>
    <ClCompile Include="CEffectText.cpp">
      <Filter>Objects\Effect\CEffectText</Filter>
    </ClCompile>
    <ClCompile Include="CAnimatedEffect.cpp">
      <Filter>Objects\Effect\CAnimatedEffect</Filter>
    </ClCompile>
    <ClCompile Include="CEnemyHit.cpp">
      <Filter>Objects\Effect\CAnimatedEffect\CEnemyHit</Filter>
    </ClCompile>
    <ClCompile Include="CPlaySceneUI.cpp">
      <Filter>UI\PlaySceneUI</Filter>
    </ClCompile>
    <ClCompile Include="CShopUI.cpp">
      <Filter>UI\ShopUI</Filter>
    </ClCompile>
    <ClCompile Include="CWeaponMgr.cpp">
      <Filter>Component\Weapon</Filter>
    </ClCompile>
    <ClCompile Include="CItemMgr.cpp">
      <Filter>Component\Item</Filter>
    </ClCompile>
    <ClCompile Include="CEndingUI.cpp">
      <Filter>UI\EndingUI</Filter>
    </ClCompile>
    <ClCompile Include="StatSet.cpp">
      <Filter>소스 파일</Filter>
    </ClCompile>
    <ClCompile Include="CSpearScript.cpp">
      <Filter>Scripts\Weapon\MeleeWeapon\Spear</Filter>
    </ClCompile>
    <ClCompile Include="CFistScript.cpp">
      <Filter>Scripts\Weapon\MeleeWeapon\Fist</Filter>
    </ClCompile>
    <ClCompile Include="CClawScript.cpp">
      <Filter>Scripts\Weapon\MeleeWeapon\Claw</Filter>
    </ClCompile>
    <ClCompile Include="CScissorsScript.cpp">
      <Filter>Scripts\Weapon\MeleeWeapon\Scissors</Filter>
    </ClCompile>
    <ClCompile Include="CMedicalGunScript.cpp">
      <Filter>Scripts\Weapon\RangedWeapon\MedicalGun</Filter>
    </ClCompile>
    <ClCompile Include="CSMGScript.cpp">
      <Filter>Scripts\Weapon\RangedWeapon\SMG</Filter>
    </ClCompile>
    <ClCompile Include="CShopScene.cpp">
      <Filter>Scenes\Shop</Filter>
    </ClCompile>
    <ClCompile Include="CMaterial.cpp">
      <Filter>Objects\Material</Filter>
    </ClCompile>
    <ClCompile Include="CMaterialScript.cpp">
      <Filter>Scripts\Material</Filter>
    </ClCompile>
    <ClCompile Include="CLevelUpUI.cpp">
      <Filter>UI\LevelUp</Filter>
    </ClCompile>
  </ItemGroup>
  <ItemGroup>
    <ClInclude Include="GameEngine.h">
      <Filter>헤더 파일</Filter>
    </ClInclude>
    <ClInclude Include="Enums.h">
      <Filter>헤더 파일</Filter>
    </ClInclude>
    <ClInclude Include="CCat.h">
      <Filter>Objects</Filter>
    </ClInclude>
    <ClInclude Include="CCatScript.h">
      <Filter>Scripts</Filter>
    </ClInclude>
    <ClInclude Include="CFloor.h">
      <Filter>Objects</Filter>
    </ClInclude>
    <ClInclude Include="CFloorScript.h">
      <Filter>Scripts</Filter>
    </ClInclude>
    <ClInclude Include="CFMOD.h">
      <Filter>FMOD</Filter>
    </ClInclude>
    <ClInclude Include="CUIHPBar.h">
      <Filter>UI\HUD</Filter>
    </ClInclude>
    <ClInclude Include="CUIEXPBar.h">
      <Filter>UI\HUD</Filter>
    </ClInclude>
    <ClInclude Include="CEnemy.h">
      <Filter>Objects\Enemy</Filter>
    </ClInclude>
    <ClInclude Include="CEnemyScript.h">
      <Filter>Scripts\Enemy</Filter>
    </ClInclude>
    <ClInclude Include="CCameraScript.h">
      <Filter>Scripts\Camera</Filter>
    </ClInclude>
    <ClInclude Include="CTitleObjectScript.h">
      <Filter>Scripts\TitleObject</Filter>
    </ClInclude>
    <ClInclude Include="CPlayerScript.h">
      <Filter>Scripts\Player</Filter>
    </ClInclude>
    <ClInclude Include="CPlayer.h">
      <Filter>Objects\Player</Filter>
    </ClInclude>
    <ClInclude Include="CBabyAlien.h">
      <Filter>Objects\Enemy\BabyAlien</Filter>
    </ClInclude>
    <ClInclude Include="CBabyAlienScript.h">
      <Filter>Scripts\Enemy\BabyAlien</Filter>
    </ClInclude>
    <ClInclude Include="CWeapon.h">
      <Filter>Objects\Weapon</Filter>
    </ClInclude>
    <ClInclude Include="CBullet.h">
      <Filter>Objects\Weapon\Bullet</Filter>
    </ClInclude>
    <ClInclude Include="CTitleBrotato.h">
      <Filter>Scripts\TitleObject</Filter>
    </ClInclude>
    <ClInclude Include="CMeleeWeaponScript.h">
      <Filter>Scripts\Weapon\MeleeWeapon</Filter>
    </ClInclude>
    <ClInclude Include="CRangedWeaponScript.h">
      <Filter>Scripts\Weapon\RangedWeapon</Filter>
    </ClInclude>
    <ClInclude Include="CWeaponScript.h">
      <Filter>Scripts\Weapon</Filter>
    </ClInclude>
    <ClInclude Include="CBulletScript.h">
      <Filter>Scripts\Weapon\RangedWeapon\Bullet</Filter>
    </ClInclude>
    <ClInclude Include="CMonsterSpawnMgr.h">
      <Filter>Helpers\MonsterSpawn</Filter>
    </ClInclude>
    <ClInclude Include="CDataMgr.h">
      <Filter>Helpers\Data</Filter>
    </ClInclude>
    <ClInclude Include="CCharacterSelectUI.h">
      <Filter>UI\CharacterSelectUI</Filter>
    </ClInclude>
    <ClInclude Include="CEndingScene.h">
      <Filter>Scenes\Ending</Filter>
    </ClInclude>
    <ClInclude Include="CPlayScene.h">
      <Filter>Scenes\Play</Filter>
    </ClInclude>
    <ClInclude Include="CSettingScene.h">
      <Filter>Scenes\Setting</Filter>
    </ClInclude>
    <ClInclude Include="CTitleScene.h">
      <Filter>Scenes\Title</Filter>
    </ClInclude>
    <ClInclude Include="CToolScene.h">
      <Filter>Scenes\Tool</Filter>
    </ClInclude>
    <ClInclude Include="CTile.h">
      <Filter>Objects\Tile</Filter>
    </ClInclude>
    <ClInclude Include="Effect.h">
      <Filter>헤더 파일</Filter>
    </ClInclude>
    <ClInclude Include="CWeaponSelectUI.h">
      <Filter>UI\WeaponSelectUI</Filter>
    </ClInclude>
    <ClInclude Include="CTitleSceneUI.h">
      <Filter>UI\TitleSceneUI</Filter>
    </ClInclude>
    <ClInclude Include="CDaggerScript.h">
      <Filter>Scripts\Weapon\MeleeWeapon\Dagger</Filter>
    </ClInclude>
    <ClInclude Include="CPistolScript.h">
      <Filter>Scripts\Weapon\RangedWeapon\Pistol</Filter>
    </ClInclude>
    <ClInclude Include="CEffect.h">
      <Filter>Objects\Effect</Filter>
    </ClInclude>
    <ClInclude Include="CEffectMgr.h">
      <Filter>Helpers\Effect</Filter>
    </ClInclude>
    <ClInclude Include="CEffectText.h">
      <Filter>Objects\Effect\CEffectText</Filter>
    </ClInclude>
    <ClInclude Include="CAnimatedEffect.h">
      <Filter>Objects\Effect\CAnimatedEffect</Filter>
    </ClInclude>
    <ClInclude Include="CEnemyHit.h">
      <Filter>Objects\Effect\CAnimatedEffect\CEnemyHit</Filter>
    </ClInclude>
    <ClInclude Include="CPlaySceneUI.h">
      <Filter>UI\PlaySceneUI</Filter>
    </ClInclude>
    <ClInclude Include="CShopUI.h">
      <Filter>UI\ShopUI</Filter>
    </ClInclude>
    <ClInclude Include="CWeaponMgr.h">
      <Filter>Component\Weapon</Filter>
    </ClInclude>
    <ClInclude Include="CItemMgr.h">
      <Filter>Component\Item</Filter>
    </ClInclude>
    <ClInclude Include="CEndingUI.h">
      <Filter>UI\EndingUI</Filter>
    </ClInclude>
    <ClInclude Include="StatSet.h">
      <Filter>헤더 파일</Filter>
    </ClInclude>
    <ClInclude Include="CSpearScript.h">
      <Filter>Scripts\Weapon\MeleeWeapon\Spear</Filter>
    </ClInclude>
    <ClInclude Include="CFistScript.h">
      <Filter>Scripts\Weapon\MeleeWeapon\Fist</Filter>
    </ClInclude>
    <ClInclude Include="CClawScript.h">
      <Filter>Scripts\Weapon\MeleeWeapon\Claw</Filter>
    </ClInclude>
    <ClInclude Include="CScissorsScript.h">
      <Filter>Scripts\Weapon\MeleeWeapon\Scissors</Filter>
    </ClInclude>
    <ClInclude Include="CMedicalGunScript.h">
      <Filter>Scripts\Weapon\RangedWeapon\MedicalGun</Filter>
    </ClInclude>
    <ClInclude Include="CSMGScript.h">
      <Filter>Scripts\Weapon\RangedWeapon\SMG</Filter>
    </ClInclude>
    <ClInclude Include="CShopScene.h">
      <Filter>Scenes\Shop</Filter>
    </ClInclude>
    <ClInclude Include="CMaterial.h">
      <Filter>Objects\Material</Filter>
    </ClInclude>
    <ClInclude Include="CMaterialScript.h">
      <Filter>Scripts\Material</Filter>
    </ClInclude>
    <ClInclude Include="CLevelUpUI.h">
      <Filter>UI\LevelUp</Filter>
    </ClInclude>
  </ItemGroup>
  <ItemGroup>
    <None Include="ClassDiagram.cd" />
  </ItemGroup>
</Project>